// !$*UTF8*$!
{
	archiveVersion = 1;
	classes = {
	};
	objectVersion = 77;
	objects = {

/* Begin PBXBuildFile section */
		571263322D161F320022487B /* APError.swift in Sources */ = {isa = PBXBuildFile; fileRef = 57CC37932D16190E002998D7 /* APError.swift */; };
		571263332D161F320022487B /* WebServices.swift in Sources */ = {isa = PBXBuildFile; fileRef = 57CC37942D16190E002998D7 /* WebServices.swift */; };
		571263342D161F320022487B /* AccountView.swift in Sources */ = {isa = PBXBuildFile; fileRef = 57CC37962D16190E002998D7 /* AccountView.swift */; };
		571263352D161F320022487B /* Alert.swift in Sources */ = {isa = PBXBuildFile; fileRef = 57CC37972D16190E002998D7 /* Alert.swift */; };
		571263362D161F320022487B /* AppetizerListCell.swift in Sources */ = {isa = PBXBuildFile; fileRef = 57CC37982D16190E002998D7 /* AppetizerListCell.swift */; };
		571263372D161F320022487B /* AppetizerListView.swift in Sources */ = {isa = PBXBuildFile; fileRef = 57CC37992D16190E002998D7 /* AppetizerListView.swift */; };
		571263382D161F320022487B /* AppetizerListViewModel.swift in Sources */ = {isa = PBXBuildFile; fileRef = 57CC379A2D16190E002998D7 /* AppetizerListViewModel.swift */; };
		571263392D161F320022487B /* AppetizerModel.swift in Sources */ = {isa = PBXBuildFile; fileRef = 57CC379B2D16190E002998D7 /* AppetizerModel.swift */; };
		5712633A2D161F320022487B /* AppetizersApp.swift in Sources */ = {isa = PBXBuildFile; fileRef = 57CC379C2D16190E002998D7 /* AppetizersApp.swift */; };
		5712633B2D161F320022487B /* AppetizerTabView.swift in Sources */ = {isa = PBXBuildFile; fileRef = 57CC379D2D16190E002998D7 /* AppetizerTabView.swift */; };
		5712633C2D161F360022487B /* OrderView.swift in Sources */ = {isa = PBXBuildFile; fileRef = 57CC379F2D16190E002998D7 /* OrderView.swift */; };
		5712633D2D161F360022487B /* RemoteImage.swift in Sources */ = {isa = PBXBuildFile; fileRef = 57CC37A02D16190E002998D7 /* RemoteImage.swift */; };
		571263422D16200E0022487B /* Preview Assets.xcassets in Sources */ = {isa = PBXBuildFile; fileRef = 57CC37912D16190E002998D7 /* Preview Assets.xcassets */; };
		571263432D16200E0022487B /* Assets.xcassets in Sources */ = {isa = PBXBuildFile; fileRef = 57CC379E2D16190E002998D7 /* Assets.xcassets */; };
		571DA8082D1B5FD50039DAD1 /* APButton.swift in Sources */ = {isa = PBXBuildFile; fileRef = 571DA8072D1B5FD50039DAD1 /* APButton.swift */; };
		571DA80A2D1B69A50039DAD1 /* XDismissButton.swift in Sources */ = {isa = PBXBuildFile; fileRef = 571DA8092D1B69A50039DAD1 /* XDismissButton.swift */; };
		571DA80C2D1DD0620039DAD1 /* AccountViewModel.swift in Sources */ = {isa = PBXBuildFile; fileRef = 571DA80B2D1DD0620039DAD1 /* AccountViewModel.swift */; };
		571DA80E2D1DD1CF0039DAD1 /* String+Ext.swift in Sources */ = {isa = PBXBuildFile; fileRef = 571DA80D2D1DD1CF0039DAD1 /* String+Ext.swift */; };
		571DA8102D1DEE730039DAD1 /* User.swift in Sources */ = {isa = PBXBuildFile; fileRef = 571DA80F2D1DEE730039DAD1 /* User.swift */; };
		5785731E2D19DFB80011908E /* DetailView.swift in Sources */ = {isa = PBXBuildFile; fileRef = 5785731D2D19DFB80011908E /* DetailView.swift */; };
		57DEADD82D1F2298009BE1CF /* EmptyState.swift in Sources */ = {isa = PBXBuildFile; fileRef = 57DEADD72D1F2298009BE1CF /* EmptyState.swift */; };
		57EBB0F62D1F4E060016C930 /* Order.swift in Sources */ = {isa = PBXBuildFile; fileRef = 57EBB0F52D1F4E060016C930 /* Order.swift */; };
		57EBB0F82D1F66830016C930 /* Custom Modifiers.swift in Sources */ = {isa = PBXBuildFile; fileRef = 57EBB0F72D1F66830016C930 /* Custom Modifiers.swift */; };
/* End PBXBuildFile section */

/* Begin PBXFileReference section */
		571263312D161DF20022487B /* Info.plist */ = {isa = PBXFileReference; lastKnownFileType = text.plist.xml; path = Info.plist; sourceTree = "<group>"; };
		571DA8072D1B5FD50039DAD1 /* APButton.swift */ = {isa = PBXFileReference; lastKnownFileType = sourcecode.swift; path = APButton.swift; sourceTree = "<group>"; };
		571DA8092D1B69A50039DAD1 /* XDismissButton.swift */ = {isa = PBXFileReference; lastKnownFileType = sourcecode.swift; path = XDismissButton.swift; sourceTree = "<group>"; };
		571DA80B2D1DD0620039DAD1 /* AccountViewModel.swift */ = {isa = PBXFileReference; lastKnownFileType = sourcecode.swift; path = AccountViewModel.swift; sourceTree = "<group>"; };
		571DA80D2D1DD1CF0039DAD1 /* String+Ext.swift */ = {isa = PBXFileReference; lastKnownFileType = sourcecode.swift; path = "String+Ext.swift"; sourceTree = "<group>"; };
		571DA80F2D1DEE730039DAD1 /* User.swift */ = {isa = PBXFileReference; lastKnownFileType = sourcecode.swift; path = User.swift; sourceTree = "<group>"; };
		5785731D2D19DFB80011908E /* DetailView.swift */ = {isa = PBXFileReference; lastKnownFileType = sourcecode.swift; path = DetailView.swift; sourceTree = "<group>"; };
		57CC37912D16190E002998D7 /* Preview Assets.xcassets */ = {isa = PBXFileReference; lastKnownFileType = folder.assetcatalog; path = "Preview Assets.xcassets"; sourceTree = "<group>"; };
		57CC37932D16190E002998D7 /* APError.swift */ = {isa = PBXFileReference; lastKnownFileType = sourcecode.swift; path = APError.swift; sourceTree = "<group>"; };
		57CC37942D16190E002998D7 /* WebServices.swift */ = {isa = PBXFileReference; lastKnownFileType = sourcecode.swift; path = WebServices.swift; sourceTree = "<group>"; };
		57CC37962D16190E002998D7 /* AccountView.swift */ = {isa = PBXFileReference; lastKnownFileType = sourcecode.swift; path = AccountView.swift; sourceTree = "<group>"; };
		57CC37972D16190E002998D7 /* Alert.swift */ = {isa = PBXFileReference; lastKnownFileType = sourcecode.swift; path = Alert.swift; sourceTree = "<group>"; };
		57CC37982D16190E002998D7 /* AppetizerListCell.swift */ = {isa = PBXFileReference; lastKnownFileType = sourcecode.swift; path = AppetizerListCell.swift; sourceTree = "<group>"; };
		57CC37992D16190E002998D7 /* AppetizerListView.swift */ = {isa = PBXFileReference; lastKnownFileType = sourcecode.swift; path = AppetizerListView.swift; sourceTree = "<group>"; };
		57CC379A2D16190E002998D7 /* AppetizerListViewModel.swift */ = {isa = PBXFileReference; lastKnownFileType = sourcecode.swift; path = AppetizerListViewModel.swift; sourceTree = "<group>"; };
		57CC379B2D16190E002998D7 /* AppetizerModel.swift */ = {isa = PBXFileReference; lastKnownFileType = sourcecode.swift; path = AppetizerModel.swift; sourceTree = "<group>"; };
		57CC379C2D16190E002998D7 /* AppetizersApp.swift */ = {isa = PBXFileReference; lastKnownFileType = sourcecode.swift; path = AppetizersApp.swift; sourceTree = "<group>"; };
		57CC379D2D16190E002998D7 /* AppetizerTabView.swift */ = {isa = PBXFileReference; lastKnownFileType = sourcecode.swift; path = AppetizerTabView.swift; sourceTree = "<group>"; };
		57CC379E2D16190E002998D7 /* Assets.xcassets */ = {isa = PBXFileReference; lastKnownFileType = folder.assetcatalog; path = Assets.xcassets; sourceTree = "<group>"; };
		57CC379F2D16190E002998D7 /* OrderView.swift */ = {isa = PBXFileReference; lastKnownFileType = sourcecode.swift; path = OrderView.swift; sourceTree = "<group>"; };
		57CC37A02D16190E002998D7 /* RemoteImage.swift */ = {isa = PBXFileReference; lastKnownFileType = sourcecode.swift; path = RemoteImage.swift; sourceTree = "<group>"; };
		57DEADD72D1F2298009BE1CF /* EmptyState.swift */ = {isa = PBXFileReference; lastKnownFileType = sourcecode.swift; path = EmptyState.swift; sourceTree = "<group>"; };
		57DF17F52D136235000CAB6B /* Appetizers.app */ = {isa = PBXFileReference; explicitFileType = wrapper.application; includeInIndex = 0; path = Appetizers.app; sourceTree = BUILT_PRODUCTS_DIR; };
		57EBB0F52D1F4E060016C930 /* Order.swift */ = {isa = PBXFileReference; lastKnownFileType = sourcecode.swift; path = Order.swift; sourceTree = "<group>"; };
		57EBB0F72D1F66830016C930 /* Custom Modifiers.swift */ = {isa = PBXFileReference; lastKnownFileType = sourcecode.swift; path = "Custom Modifiers.swift"; sourceTree = "<group>"; };
/* End PBXFileReference section */

/* Begin PBXFrameworksBuildPhase section */
		57DF17F22D136235000CAB6B /* Frameworks */ = {
			isa = PBXFrameworksBuildPhase;
			buildActionMask = 2147483647;
			files = (
			);
			runOnlyForDeploymentPostprocessing = 0;
		};
/* End PBXFrameworksBuildPhase section */

/* Begin PBXGroup section */
		571DA8062D1B5F610039DAD1 /* Buttons */ = {
			isa = PBXGroup;
			children = (
				571DA8072D1B5FD50039DAD1 /* APButton.swift */,
				571DA8092D1B69A50039DAD1 /* XDismissButton.swift */,
			);
			path = Buttons;
			sourceTree = "<group>";
		};
		578573112D1625E70011908E /* Screens */ = {
			isa = PBXGroup;
			children = (
				57CC379D2D16190E002998D7 /* AppetizerTabView.swift */,
				578573122D1626970011908E /* AppetizerListView */,
				578573142D1626B80011908E /* OrderView */,
				578573132D1626A40011908E /* AccountView */,
			);
			path = Screens;
			sourceTree = "<group>";
		};
		578573122D1626970011908E /* AppetizerListView */ = {
			isa = PBXGroup;
			children = (
				57CC37992D16190E002998D7 /* AppetizerListView.swift */,
				57CC379A2D16190E002998D7 /* AppetizerListViewModel.swift */,
				5785731D2D19DFB80011908E /* DetailView.swift */,
			);
			path = AppetizerListView;
			sourceTree = "<group>";
		};
		578573132D1626A40011908E /* AccountView */ = {
			isa = PBXGroup;
			children = (
				571DA80B2D1DD0620039DAD1 /* AccountViewModel.swift */,
				57CC37962D16190E002998D7 /* AccountView.swift */,
			);
			path = AccountView;
			sourceTree = "<group>";
		};
		578573142D1626B80011908E /* OrderView */ = {
			isa = PBXGroup;
			children = (
				57CC379F2D16190E002998D7 /* OrderView.swift */,
			);
			path = OrderView;
			sourceTree = "<group>";
		};
		578573152D162D480011908E /* Utilities */ = {
			isa = PBXGroup;
			children = (
				578573182D162DE10011908E /* Alert */,
				578573172D162DAE0011908E /* Extensions */,
				578573162D162D5D0011908E /* Managers */,
			);
			path = Utilities;
			sourceTree = "<group>";
		};
		578573162D162D5D0011908E /* Managers */ = {
			isa = PBXGroup;
			children = (
				57CC37942D16190E002998D7 /* WebServices.swift */,
			);
			path = Managers;
			sourceTree = "<group>";
		};
		578573172D162DAE0011908E /* Extensions */ = {
			isa = PBXGroup;
			children = (
				571DA80D2D1DD1CF0039DAD1 /* String+Ext.swift */,
			);
			path = Extensions;
			sourceTree = "<group>";
		};
		578573182D162DE10011908E /* Alert */ = {
			isa = PBXGroup;
			children = (
				57CC37972D16190E002998D7 /* Alert.swift */,
				57CC37932D16190E002998D7 /* APError.swift */,
			);
			path = Alert;
			sourceTree = "<group>";
		};
		578573192D162ED90011908E /* Model */ = {
			isa = PBXGroup;
			children = (
				57CC379B2D16190E002998D7 /* AppetizerModel.swift */,
				571DA80F2D1DEE730039DAD1 /* User.swift */,
				57EBB0F52D1F4E060016C930 /* Order.swift */,
			);
			path = Model;
			sourceTree = "<group>";
		};
		5785731A2D162F4B0011908E /* Views */ = {
			isa = PBXGroup;
			children = (
				57DEADD62D1F2289009BE1CF /* Empty States */,
				571DA8062D1B5F610039DAD1 /* Buttons */,
				5785731C2D162F6C0011908E /* Image */,
				5785731B2D162F590011908E /* Cells */,
				57EBB0F72D1F66830016C930 /* Custom Modifiers.swift */,
			);
			path = Views;
			sourceTree = "<group>";
		};
		5785731B2D162F590011908E /* Cells */ = {
			isa = PBXGroup;
			children = (
				57CC37982D16190E002998D7 /* AppetizerListCell.swift */,
			);
			path = Cells;
			sourceTree = "<group>";
		};
		5785731C2D162F6C0011908E /* Image */ = {
			isa = PBXGroup;
			children = (
				57CC37A02D16190E002998D7 /* RemoteImage.swift */,
			);
			path = Image;
			sourceTree = "<group>";
		};
		57CC37922D16190E002998D7 /* Preview Content */ = {
			isa = PBXGroup;
			children = (
				57CC37912D16190E002998D7 /* Preview Assets.xcassets */,
			);
			path = "Preview Content";
			sourceTree = "<group>";
		};
		57CC37A12D16190E002998D7 /* Appetizers */ = {
			isa = PBXGroup;
			children = (
				578573192D162ED90011908E /* Model */,
				578573152D162D480011908E /* Utilities */,
				5785731A2D162F4B0011908E /* Views */,
				578573112D1625E70011908E /* Screens */,
				57CC379C2D16190E002998D7 /* AppetizersApp.swift */,
				57CC37922D16190E002998D7 /* Preview Content */,
				57CC379E2D16190E002998D7 /* Assets.xcassets */,
				571263312D161DF20022487B /* Info.plist */,
			);
			path = Appetizers;
			sourceTree = "<group>";
		};
		57DEADD62D1F2289009BE1CF /* Empty States */ = {
			isa = PBXGroup;
			children = (
				57DEADD72D1F2298009BE1CF /* EmptyState.swift */,
			);
			path = "Empty States";
			sourceTree = "<group>";
		};
		57DF17EC2D136235000CAB6B = {
			isa = PBXGroup;
			children = (
				57CC37A12D16190E002998D7 /* Appetizers */,
				57DF17F62D136235000CAB6B /* Products */,
			);
			sourceTree = "<group>";
		};
		57DF17F62D136235000CAB6B /* Products */ = {
			isa = PBXGroup;
			children = (
				57DF17F52D136235000CAB6B /* Appetizers.app */,
			);
			name = Products;
			sourceTree = "<group>";
		};
/* End PBXGroup section */

/* Begin PBXNativeTarget section */
		57DF17F42D136235000CAB6B /* Appetizers */ = {
			isa = PBXNativeTarget;
			buildConfigurationList = 57DF18032D136237000CAB6B /* Build configuration list for PBXNativeTarget "Appetizers" */;
			buildPhases = (
				57DF17F12D136235000CAB6B /* Sources */,
				57DF17F22D136235000CAB6B /* Frameworks */,
				57DF17F32D136235000CAB6B /* Resources */,
			);
			buildRules = (
			);
			dependencies = (
			);
			name = Appetizers;
			packageProductDependencies = (
			);
			productName = Appetizers;
			productReference = 57DF17F52D136235000CAB6B /* Appetizers.app */;
			productType = "com.apple.product-type.application";
		};
/* End PBXNativeTarget section */

/* Begin PBXProject section */
		57DF17ED2D136235000CAB6B /* Project object */ = {
			isa = PBXProject;
			attributes = {
				BuildIndependentTargetsInParallel = 1;
				LastSwiftUpdateCheck = 1600;
				LastUpgradeCheck = 1600;
				TargetAttributes = {
					57DF17F42D136235000CAB6B = {
						CreatedOnToolsVersion = 16.0;
					};
				};
			};
			buildConfigurationList = 57DF17F02D136235000CAB6B /* Build configuration list for PBXProject "Appetizers" */;
			developmentRegion = en;
			hasScannedForEncodings = 0;
			knownRegions = (
				en,
				Base,
			);
			mainGroup = 57DF17EC2D136235000CAB6B;
			minimizedProjectReferenceProxies = 1;
			preferredProjectObjectVersion = 77;
			productRefGroup = 57DF17F62D136235000CAB6B /* Products */;
			projectDirPath = "";
			projectRoot = "";
			targets = (
				57DF17F42D136235000CAB6B /* Appetizers */,
			);
		};
/* End PBXProject section */

/* Begin PBXResourcesBuildPhase section */
		57DF17F32D136235000CAB6B /* Resources */ = {
			isa = PBXResourcesBuildPhase;
			buildActionMask = 2147483647;
			files = (
			);
			runOnlyForDeploymentPostprocessing = 0;
		};
/* End PBXResourcesBuildPhase section */

/* Begin PBXSourcesBuildPhase section */
		57DF17F12D136235000CAB6B /* Sources */ = {
			isa = PBXSourcesBuildPhase;
			buildActionMask = 2147483647;
			files = (
				571263422D16200E0022487B /* Preview Assets.xcassets in Sources */,
				57EBB0F82D1F66830016C930 /* Custom Modifiers.swift in Sources */,
				571263432D16200E0022487B /* Assets.xcassets in Sources */,
				571DA80A2D1B69A50039DAD1 /* XDismissButton.swift in Sources */,
				5712633C2D161F360022487B /* OrderView.swift in Sources */,
				57EBB0F62D1F4E060016C930 /* Order.swift in Sources */,
				571DA80E2D1DD1CF0039DAD1 /* String+Ext.swift in Sources */,
				571DA80C2D1DD0620039DAD1 /* AccountViewModel.swift in Sources */,
				5712633D2D161F360022487B /* RemoteImage.swift in Sources */,
				571263322D161F320022487B /* APError.swift in Sources */,
				571DA8102D1DEE730039DAD1 /* User.swift in Sources */,
				571263332D161F320022487B /* WebServices.swift in Sources */,
				571DA8082D1B5FD50039DAD1 /* APButton.swift in Sources */,
				571263342D161F320022487B /* AccountView.swift in Sources */,
				571263352D161F320022487B /* Alert.swift in Sources */,
				571263362D161F320022487B /* AppetizerListCell.swift in Sources */,
				571263372D161F320022487B /* AppetizerListView.swift in Sources */,
				57DEADD82D1F2298009BE1CF /* EmptyState.swift in Sources */,
				571263382D161F320022487B /* AppetizerListViewModel.swift in Sources */,
				571263392D161F320022487B /* AppetizerModel.swift in Sources */,
				5712633A2D161F320022487B /* AppetizersApp.swift in Sources */,
				5785731E2D19DFB80011908E /* DetailView.swift in Sources */,
				5712633B2D161F320022487B /* AppetizerTabView.swift in Sources */,
			);
			runOnlyForDeploymentPostprocessing = 0;
		};
/* End PBXSourcesBuildPhase section */

/* Begin XCBuildConfiguration section */
		57DF18012D136237000CAB6B /* Debug */ = {
			isa = XCBuildConfiguration;
			buildSettings = {
				ALWAYS_SEARCH_USER_PATHS = NO;
				ASSETCATALOG_COMPILER_GENERATE_SWIFT_ASSET_SYMBOL_EXTENSIONS = YES;
				CLANG_ANALYZER_NONNULL = YES;
				CLANG_ANALYZER_NUMBER_OBJECT_CONVERSION = YES_AGGRESSIVE;
				CLANG_CXX_LANGUAGE_STANDARD = "gnu++20";
				CLANG_ENABLE_MODULES = YES;
				CLANG_ENABLE_OBJC_ARC = YES;
				CLANG_ENABLE_OBJC_WEAK = YES;
				CLANG_WARN_BLOCK_CAPTURE_AUTORELEASING = YES;
				CLANG_WARN_BOOL_CONVERSION = YES;
				CLANG_WARN_COMMA = YES;
				CLANG_WARN_CONSTANT_CONVERSION = YES;
				CLANG_WARN_DEPRECATED_OBJC_IMPLEMENTATIONS = YES;
				CLANG_WARN_DIRECT_OBJC_ISA_USAGE = YES_ERROR;
				CLANG_WARN_DOCUMENTATION_COMMENTS = YES;
				CLANG_WARN_EMPTY_BODY = YES;
				CLANG_WARN_ENUM_CONVERSION = YES;
				CLANG_WARN_INFINITE_RECURSION = YES;
				CLANG_WARN_INT_CONVERSION = YES;
				CLANG_WARN_NON_LITERAL_NULL_CONVERSION = YES;
				CLANG_WARN_OBJC_IMPLICIT_RETAIN_SELF = YES;
				CLANG_WARN_OBJC_LITERAL_CONVERSION = YES;
				CLANG_WARN_OBJC_ROOT_CLASS = YES_ERROR;
				CLANG_WARN_QUOTED_INCLUDE_IN_FRAMEWORK_HEADER = YES;
				CLANG_WARN_RANGE_LOOP_ANALYSIS = YES;
				CLANG_WARN_STRICT_PROTOTYPES = YES;
				CLANG_WARN_SUSPICIOUS_MOVE = YES;
				CLANG_WARN_UNGUARDED_AVAILABILITY = YES_AGGRESSIVE;
				CLANG_WARN_UNREACHABLE_CODE = YES;
				CLANG_WARN__DUPLICATE_METHOD_MATCH = YES;
				COPY_PHASE_STRIP = NO;
				DEBUG_INFORMATION_FORMAT = dwarf;
				ENABLE_STRICT_OBJC_MSGSEND = YES;
				ENABLE_TESTABILITY = YES;
				ENABLE_USER_SCRIPT_SANDBOXING = YES;
				GCC_C_LANGUAGE_STANDARD = gnu17;
				GCC_DYNAMIC_NO_PIC = NO;
				GCC_NO_COMMON_BLOCKS = YES;
				GCC_OPTIMIZATION_LEVEL = 0;
				GCC_PREPROCESSOR_DEFINITIONS = (
					"DEBUG=1",
					"$(inherited)",
				);
				GCC_WARN_64_TO_32_BIT_CONVERSION = YES;
				GCC_WARN_ABOUT_RETURN_TYPE = YES_ERROR;
				GCC_WARN_UNDECLARED_SELECTOR = YES;
				GCC_WARN_UNINITIALIZED_AUTOS = YES_AGGRESSIVE;
				GCC_WARN_UNUSED_FUNCTION = YES;
				GCC_WARN_UNUSED_VARIABLE = YES;
				IPHONEOS_DEPLOYMENT_TARGET = 18.0;
				LOCALIZATION_PREFERS_STRING_CATALOGS = YES;
				MTL_ENABLE_DEBUG_INFO = INCLUDE_SOURCE;
				MTL_FAST_MATH = YES;
				ONLY_ACTIVE_ARCH = YES;
				SDKROOT = iphoneos;
				SWIFT_ACTIVE_COMPILATION_CONDITIONS = "DEBUG $(inherited)";
				SWIFT_OPTIMIZATION_LEVEL = "-Onone";
			};
			name = Debug;
		};
		57DF18022D136237000CAB6B /* Release */ = {
			isa = XCBuildConfiguration;
			buildSettings = {
				ALWAYS_SEARCH_USER_PATHS = NO;
				ASSETCATALOG_COMPILER_GENERATE_SWIFT_ASSET_SYMBOL_EXTENSIONS = YES;
				CLANG_ANALYZER_NONNULL = YES;
				CLANG_ANALYZER_NUMBER_OBJECT_CONVERSION = YES_AGGRESSIVE;
				CLANG_CXX_LANGUAGE_STANDARD = "gnu++20";
				CLANG_ENABLE_MODULES = YES;
				CLANG_ENABLE_OBJC_ARC = YES;
				CLANG_ENABLE_OBJC_WEAK = YES;
				CLANG_WARN_BLOCK_CAPTURE_AUTORELEASING = YES;
				CLANG_WARN_BOOL_CONVERSION = YES;
				CLANG_WARN_COMMA = YES;
				CLANG_WARN_CONSTANT_CONVERSION = YES;
				CLANG_WARN_DEPRECATED_OBJC_IMPLEMENTATIONS = YES;
				CLANG_WARN_DIRECT_OBJC_ISA_USAGE = YES_ERROR;
				CLANG_WARN_DOCUMENTATION_COMMENTS = YES;
				CLANG_WARN_EMPTY_BODY = YES;
				CLANG_WARN_ENUM_CONVERSION = YES;
				CLANG_WARN_INFINITE_RECURSION = YES;
				CLANG_WARN_INT_CONVERSION = YES;
				CLANG_WARN_NON_LITERAL_NULL_CONVERSION = YES;
				CLANG_WARN_OBJC_IMPLICIT_RETAIN_SELF = YES;
				CLANG_WARN_OBJC_LITERAL_CONVERSION = YES;
				CLANG_WARN_OBJC_ROOT_CLASS = YES_ERROR;
				CLANG_WARN_QUOTED_INCLUDE_IN_FRAMEWORK_HEADER = YES;
				CLANG_WARN_RANGE_LOOP_ANALYSIS = YES;
				CLANG_WARN_STRICT_PROTOTYPES = YES;
				CLANG_WARN_SUSPICIOUS_MOVE = YES;
				CLANG_WARN_UNGUARDED_AVAILABILITY = YES_AGGRESSIVE;
				CLANG_WARN_UNREACHABLE_CODE = YES;
				CLANG_WARN__DUPLICATE_METHOD_MATCH = YES;
				COPY_PHASE_STRIP = NO;
				DEBUG_INFORMATION_FORMAT = "dwarf-with-dsym";
				ENABLE_NS_ASSERTIONS = NO;
				ENABLE_STRICT_OBJC_MSGSEND = YES;
				ENABLE_USER_SCRIPT_SANDBOXING = YES;
				GCC_C_LANGUAGE_STANDARD = gnu17;
				GCC_NO_COMMON_BLOCKS = YES;
				GCC_WARN_64_TO_32_BIT_CONVERSION = YES;
				GCC_WARN_ABOUT_RETURN_TYPE = YES_ERROR;
				GCC_WARN_UNDECLARED_SELECTOR = YES;
				GCC_WARN_UNINITIALIZED_AUTOS = YES_AGGRESSIVE;
				GCC_WARN_UNUSED_FUNCTION = YES;
				GCC_WARN_UNUSED_VARIABLE = YES;
				IPHONEOS_DEPLOYMENT_TARGET = 18.0;
				LOCALIZATION_PREFERS_STRING_CATALOGS = YES;
				MTL_ENABLE_DEBUG_INFO = NO;
				MTL_FAST_MATH = YES;
				SDKROOT = iphoneos;
				SWIFT_COMPILATION_MODE = wholemodule;
				VALIDATE_PRODUCT = YES;
			};
			name = Release;
		};
		57DF18042D136237000CAB6B /* Debug */ = {
			isa = XCBuildConfiguration;
			buildSettings = {
				ASSETCATALOG_COMPILER_APPICON_NAME = AppIcon;
				ASSETCATALOG_COMPILER_GLOBAL_ACCENT_COLOR_NAME = AccentColor;
				CODE_SIGN_STYLE = Automatic;
				CURRENT_PROJECT_VERSION = 1;
				DEVELOPMENT_ASSET_PATHS = "\"Appetizers/Preview Content\"";
				DEVELOPMENT_TEAM = 2ZDBU7945J;
				ENABLE_PREVIEWS = YES;
				GENERATE_INFOPLIST_FILE = YES;
				INFOPLIST_FILE = Appetizers/Info.plist;
				INFOPLIST_KEY_UIApplicationSceneManifest_Generation = YES;
				INFOPLIST_KEY_UIApplicationSupportsIndirectInputEvents = YES;
				INFOPLIST_KEY_UILaunchScreen_Generation = YES;
				INFOPLIST_KEY_UISupportedInterfaceOrientations_iPad = "UIInterfaceOrientationPortrait UIInterfaceOrientationPortraitUpsideDown UIInterfaceOrientationLandscapeLeft UIInterfaceOrientationLandscapeRight";
				INFOPLIST_KEY_UISupportedInterfaceOrientations_iPhone = "UIInterfaceOrientationPortrait UIInterfaceOrientationLandscapeLeft UIInterfaceOrientationLandscapeRight";
				IPHONEOS_DEPLOYMENT_TARGET = 18.0;
				LD_RUNPATH_SEARCH_PATHS = (
					"$(inherited)",
					"@executable_path/Frameworks",
				);
				MARKETING_VERSION = 1.0;
				PRODUCT_BUNDLE_IDENTIFIER = com.jbrinkley.Appetizers;
				PRODUCT_NAME = "$(TARGET_NAME)";
				SWIFT_EMIT_LOC_STRINGS = YES;
				SWIFT_VERSION = 5.0;
				TARGETED_DEVICE_FAMILY = "1,2";
			};
			name = Debug;
		};
		57DF18052D136237000CAB6B /* Release */ = {
			isa = XCBuildConfiguration;
			buildSettings = {
				ASSETCATALOG_COMPILER_APPICON_NAME = AppIcon;
				ASSETCATALOG_COMPILER_GLOBAL_ACCENT_COLOR_NAME = AccentColor;
				CODE_SIGN_STYLE = Automatic;
				CURRENT_PROJECT_VERSION = 1;
				DEVELOPMENT_ASSET_PATHS = "\"Appetizers/Preview Content\"";
				DEVELOPMENT_TEAM = 2ZDBU7945J;
				ENABLE_PREVIEWS = YES;
				GENERATE_INFOPLIST_FILE = YES;
				INFOPLIST_FILE = Appetizers/Info.plist;
				INFOPLIST_KEY_UIApplicationSceneManifest_Generation = YES;
				INFOPLIST_KEY_UIApplicationSupportsIndirectInputEvents = YES;
				INFOPLIST_KEY_UILaunchScreen_Generation = YES;
				INFOPLIST_KEY_UISupportedInterfaceOrientations_iPad = "UIInterfaceOrientationPortrait UIInterfaceOrientationPortraitUpsideDown UIInterfaceOrientationLandscapeLeft UIInterfaceOrientationLandscapeRight";
				INFOPLIST_KEY_UISupportedInterfaceOrientations_iPhone = "UIInterfaceOrientationPortrait UIInterfaceOrientationLandscapeLeft UIInterfaceOrientationLandscapeRight";
				IPHONEOS_DEPLOYMENT_TARGET = 18.0;
				LD_RUNPATH_SEARCH_PATHS = (
					"$(inherited)",
					"@executable_path/Frameworks",
				);
				MARKETING_VERSION = 1.0;
				PRODUCT_BUNDLE_IDENTIFIER = com.jbrinkley.Appetizers;
				PRODUCT_NAME = "$(TARGET_NAME)";
				SWIFT_EMIT_LOC_STRINGS = YES;
				SWIFT_VERSION = 5.0;
				TARGETED_DEVICE_FAMILY = "1,2";
			};
			name = Release;
		};
/* End XCBuildConfiguration section */

/* Begin XCConfigurationList section */
		57DF17F02D136235000CAB6B /* Build configuration list for PBXProject "Appetizers" */ = {
			isa = XCConfigurationList;
			buildConfigurations = (
				57DF18012D136237000CAB6B /* Debug */,
				57DF18022D136237000CAB6B /* Release */,
			);
			defaultConfigurationIsVisible = 0;
			defaultConfigurationName = Release;
		};
		57DF18032D136237000CAB6B /* Build configuration list for PBXNativeTarget "Appetizers" */ = {
			isa = XCConfigurationList;
			buildConfigurations = (
				57DF18042D136237000CAB6B /* Debug */,
				57DF18052D136237000CAB6B /* Release */,
			);
			defaultConfigurationIsVisible = 0;
			defaultConfigurationName = Release;
		};
/* End XCConfigurationList section */
	};
	rootObject = 57DF17ED2D136235000CAB6B /* Project object */;
}
